
Microsoft Visual Studio Solution File, Format Version 12.00
Project("{2150E333-8FDC-42A3-9474-1A3956D46DE8}") = "01 - Testes de Unidade", "01 - Testes de Unidade", "{A8123538-D38E-49AD-8879-6574D1470AEA}"
EndProject
Project("{2150E333-8FDC-42A3-9474-1A3956D46DE8}") = "1.1 - Testes Basicos", "1.1 - Testes Basicos", "{7E520AA7-E9E4-4B5E-831B-747F1B992381}"
EndProject
Project("{FAE04EC0-301F-11D3-BF4B-00C04F79EFBC}") = "Basico", "01-teste-de-unidade\Basico\Basico.csproj", "{F8CAF78D-3F45-4810-82AE-EF04DC37B45F}"
EndProject
Project("{FAE04EC0-301F-11D3-BF4B-00C04F79EFBC}") = "Basico.Testes", "01-teste-de-unidade\Basico.Testes\Basico.Testes.csproj", "{799C4875-19CA-478F-A5BA-20FA6E4EC44E}"
EndProject
Project("{2150E333-8FDC-42A3-9474-1A3956D46DE8}") = "2.2 - Features", "2.2 - Features", "{000A7087-98F3-464E-859C-1923A3413852}"
EndProject
Project("{FAE04EC0-301F-11D3-BF4B-00C04F79EFBC}") = "Werter.EstudosTdd.Features", "01-teste-de-unidade\Werter.EstudosTdd.Features\Werter.EstudosTdd.Features.csproj", "{5415D64A-1ECC-4A3B-98FF-7A47B0430DCE}"
EndProject
Project("{FAE04EC0-301F-11D3-BF4B-00C04F79EFBC}") = "Werter.EstudosTdd.Features.Testes", "01-teste-de-unidade\Werter.EstudosTdd.Features.Testes\Werter.EstudosTdd.Features.Testes.csproj", "{2531ED5B-B901-435E-88EA-C5708DC99200}"
EndProject
Project("{2150E333-8FDC-42A3-9474-1A3956D46DE8}") = "02 - TDD", "02 - TDD", "{9B9B1CAE-E2F8-4A69-BC54-2E9B0740FF8B}"
EndProject
Project("{FAE04EC0-301F-11D3-BF4B-00C04F79EFBC}") = "NerdStore.Vendas.Domain.Testes", "02-TDD\tests\NerdStore.Vendas.Domain.Testes\NerdStore.Vendas.Domain.Testes.csproj", "{BB45145E-9DC7-4715-8BED-C188464B7736}"
EndProject
Project("{2150E333-8FDC-42A3-9474-1A3956D46DE8}") = "Testes", "Testes", "{95DBB31C-BEEF-40F3-867F-07036F1B2D1D}"
EndProject
Project("{FAE04EC0-301F-11D3-BF4B-00C04F79EFBC}") = "NerdStore.Venda.Domain", "02-TDD\src\NerdStore.Venda.Domain\NerdStore.Venda.Domain.csproj", "{CE89214C-48CB-4AE6-9DD7-0DA222276E04}"
EndProject
Project("{FAE04EC0-301F-11D3-BF4B-00C04F79EFBC}") = "NerdStore.Core", "02-TDD\src\NerdStore.Core\NerdStore.Core.csproj", "{FDFEBE01-B110-4EF7-A70C-7F5A374DA640}"
EndProject
Project("{FAE04EC0-301F-11D3-BF4B-00C04F79EFBC}") = "NerdStore.Venda.Application", "02-TDD\src\NerdStore.Venda.Application\NerdStore.Venda.Application.csproj", "{DFCC0A39-03C5-45E0-AAE6-F4722EC220D0}"
EndProject
Project("{FAE04EC0-301F-11D3-BF4B-00C04F79EFBC}") = "NerdStore.Venda.Application.Testes", "02-TDD\tests\NerdStore.Venda.Application.Testes\NerdStore.Venda.Application.Testes.csproj", "{18002535-1C84-4720-96E1-C324331545C5}"
EndProject
Project("{FAE04EC0-301F-11D3-BF4B-00C04F79EFBC}") = "NerdStore.Venda.Data", "02-TDD\src\NerdStore.Venda.Data\NerdStore.Venda.Data.csproj", "{0352D1BC-99A8-423B-BD68-FD2B7673D032}"
EndProject
Global
	GlobalSection(SolutionConfigurationPlatforms) = preSolution
		Debug|Any CPU = Debug|Any CPU
		Release|Any CPU = Release|Any CPU
	EndGlobalSection
	GlobalSection(NestedProjects) = preSolution
		{7E520AA7-E9E4-4B5E-831B-747F1B992381} = {A8123538-D38E-49AD-8879-6574D1470AEA}
		{F8CAF78D-3F45-4810-82AE-EF04DC37B45F} = {7E520AA7-E9E4-4B5E-831B-747F1B992381}
		{799C4875-19CA-478F-A5BA-20FA6E4EC44E} = {7E520AA7-E9E4-4B5E-831B-747F1B992381}
		{000A7087-98F3-464E-859C-1923A3413852} = {A8123538-D38E-49AD-8879-6574D1470AEA}
		{5415D64A-1ECC-4A3B-98FF-7A47B0430DCE} = {000A7087-98F3-464E-859C-1923A3413852}
		{2531ED5B-B901-435E-88EA-C5708DC99200} = {000A7087-98F3-464E-859C-1923A3413852}
		{95DBB31C-BEEF-40F3-867F-07036F1B2D1D} = {9B9B1CAE-E2F8-4A69-BC54-2E9B0740FF8B}
		{BB45145E-9DC7-4715-8BED-C188464B7736} = {95DBB31C-BEEF-40F3-867F-07036F1B2D1D}
		{CE89214C-48CB-4AE6-9DD7-0DA222276E04} = {9B9B1CAE-E2F8-4A69-BC54-2E9B0740FF8B}
		{FDFEBE01-B110-4EF7-A70C-7F5A374DA640} = {9B9B1CAE-E2F8-4A69-BC54-2E9B0740FF8B}
		{DFCC0A39-03C5-45E0-AAE6-F4722EC220D0} = {9B9B1CAE-E2F8-4A69-BC54-2E9B0740FF8B}
		{18002535-1C84-4720-96E1-C324331545C5} = {95DBB31C-BEEF-40F3-867F-07036F1B2D1D}
		{0352D1BC-99A8-423B-BD68-FD2B7673D032} = {9B9B1CAE-E2F8-4A69-BC54-2E9B0740FF8B}
	EndGlobalSection
	GlobalSection(ProjectConfigurationPlatforms) = postSolution
		{F8CAF78D-3F45-4810-82AE-EF04DC37B45F}.Debug|Any CPU.ActiveCfg = Debug|Any CPU
		{F8CAF78D-3F45-4810-82AE-EF04DC37B45F}.Debug|Any CPU.Build.0 = Debug|Any CPU
		{F8CAF78D-3F45-4810-82AE-EF04DC37B45F}.Release|Any CPU.ActiveCfg = Release|Any CPU
		{F8CAF78D-3F45-4810-82AE-EF04DC37B45F}.Release|Any CPU.Build.0 = Release|Any CPU
		{799C4875-19CA-478F-A5BA-20FA6E4EC44E}.Debug|Any CPU.ActiveCfg = Debug|Any CPU
		{799C4875-19CA-478F-A5BA-20FA6E4EC44E}.Debug|Any CPU.Build.0 = Debug|Any CPU
		{799C4875-19CA-478F-A5BA-20FA6E4EC44E}.Release|Any CPU.ActiveCfg = Release|Any CPU
		{799C4875-19CA-478F-A5BA-20FA6E4EC44E}.Release|Any CPU.Build.0 = Release|Any CPU
		{5415D64A-1ECC-4A3B-98FF-7A47B0430DCE}.Debug|Any CPU.ActiveCfg = Debug|Any CPU
		{5415D64A-1ECC-4A3B-98FF-7A47B0430DCE}.Debug|Any CPU.Build.0 = Debug|Any CPU
		{5415D64A-1ECC-4A3B-98FF-7A47B0430DCE}.Release|Any CPU.ActiveCfg = Release|Any CPU
		{5415D64A-1ECC-4A3B-98FF-7A47B0430DCE}.Release|Any CPU.Build.0 = Release|Any CPU
		{2531ED5B-B901-435E-88EA-C5708DC99200}.Debug|Any CPU.ActiveCfg = Debug|Any CPU
		{2531ED5B-B901-435E-88EA-C5708DC99200}.Debug|Any CPU.Build.0 = Debug|Any CPU
		{2531ED5B-B901-435E-88EA-C5708DC99200}.Release|Any CPU.ActiveCfg = Release|Any CPU
		{2531ED5B-B901-435E-88EA-C5708DC99200}.Release|Any CPU.Build.0 = Release|Any CPU
		{BB45145E-9DC7-4715-8BED-C188464B7736}.Debug|Any CPU.ActiveCfg = Debug|Any CPU
		{BB45145E-9DC7-4715-8BED-C188464B7736}.Debug|Any CPU.Build.0 = Debug|Any CPU
		{BB45145E-9DC7-4715-8BED-C188464B7736}.Release|Any CPU.ActiveCfg = Release|Any CPU
		{BB45145E-9DC7-4715-8BED-C188464B7736}.Release|Any CPU.Build.0 = Release|Any CPU
		{CE89214C-48CB-4AE6-9DD7-0DA222276E04}.Debug|Any CPU.ActiveCfg = Debug|Any CPU
		{CE89214C-48CB-4AE6-9DD7-0DA222276E04}.Debug|Any CPU.Build.0 = Debug|Any CPU
		{CE89214C-48CB-4AE6-9DD7-0DA222276E04}.Release|Any CPU.ActiveCfg = Release|Any CPU
		{CE89214C-48CB-4AE6-9DD7-0DA222276E04}.Release|Any CPU.Build.0 = Release|Any CPU
		{FDFEBE01-B110-4EF7-A70C-7F5A374DA640}.Debug|Any CPU.ActiveCfg = Debug|Any CPU
		{FDFEBE01-B110-4EF7-A70C-7F5A374DA640}.Debug|Any CPU.Build.0 = Debug|Any CPU
		{FDFEBE01-B110-4EF7-A70C-7F5A374DA640}.Release|Any CPU.ActiveCfg = Release|Any CPU
		{FDFEBE01-B110-4EF7-A70C-7F5A374DA640}.Release|Any CPU.Build.0 = Release|Any CPU
		{DFCC0A39-03C5-45E0-AAE6-F4722EC220D0}.Debug|Any CPU.ActiveCfg = Debug|Any CPU
		{DFCC0A39-03C5-45E0-AAE6-F4722EC220D0}.Debug|Any CPU.Build.0 = Debug|Any CPU
		{DFCC0A39-03C5-45E0-AAE6-F4722EC220D0}.Release|Any CPU.ActiveCfg = Release|Any CPU
		{DFCC0A39-03C5-45E0-AAE6-F4722EC220D0}.Release|Any CPU.Build.0 = Release|Any CPU
		{18002535-1C84-4720-96E1-C324331545C5}.Debug|Any CPU.ActiveCfg = Debug|Any CPU
		{18002535-1C84-4720-96E1-C324331545C5}.Debug|Any CPU.Build.0 = Debug|Any CPU
		{18002535-1C84-4720-96E1-C324331545C5}.Release|Any CPU.ActiveCfg = Release|Any CPU
		{18002535-1C84-4720-96E1-C324331545C5}.Release|Any CPU.Build.0 = Release|Any CPU
		{0352D1BC-99A8-423B-BD68-FD2B7673D032}.Debug|Any CPU.ActiveCfg = Debug|Any CPU
		{0352D1BC-99A8-423B-BD68-FD2B7673D032}.Debug|Any CPU.Build.0 = Debug|Any CPU
		{0352D1BC-99A8-423B-BD68-FD2B7673D032}.Release|Any CPU.ActiveCfg = Release|Any CPU
		{0352D1BC-99A8-423B-BD68-FD2B7673D032}.Release|Any CPU.Build.0 = Release|Any CPU
	EndGlobalSection
EndGlobal
